Microsoft Visual Studio Solution File, Format Version 11.00
# Visual Studio 2008

Project("{71635EB6-BD3B-F785-66FF-F733848BB8E9}") = "TheAmazingAtom", "Assembly-CSharp-firstpass-vs.csproj", "{F9BC3870-A9A6-EB61-29C2-7B3ACC661FDE}"
EndProject
Project("{71635EB6-BD3B-F785-66FF-F733848BB8E9}") = "TheAmazingAtom", "Assembly-CSharp-vs.csproj", "{A21CD480-B527-9721-D16E-AA2CE7966BAF}"
EndProject
Project("{71635EB6-BD3B-F785-66FF-F733848BB8E9}") = "TheAmazingAtom", "Assembly-CSharp-Editor-firstpass-vs.csproj", "{E21A917B-88B5-70C9-AA55-5D9AFDCE9579}"
EndProject
Global
	GlobalSection(SolutionConfigurationPlatforms) = preSolution
		Debug|Any CPU = Debug|Any CPU
		Release|Any CPU = Release|Any CPU
	EndGlobalSection
	GlobalSection(ProjectConfigurationPlatforms) = postSolution
		{F9BC3870-A9A6-EB61-29C2-7B3ACC661FDE}.Debug|Any CPU.ActiveCfg = Debug|Any CPU
		{F9BC3870-A9A6-EB61-29C2-7B3ACC661FDE}.Debug|Any CPU.Build.0 = Debug|Any CPU
		{F9BC3870-A9A6-EB61-29C2-7B3ACC661FDE}.Release|Any CPU.ActiveCfg = Release|Any CPU
		{F9BC3870-A9A6-EB61-29C2-7B3ACC661FDE}.Release|Any CPU.Build.0 = Release|Any CPU
		{A21CD480-B527-9721-D16E-AA2CE7966BAF}.Debug|Any CPU.ActiveCfg = Debug|Any CPU
		{A21CD480-B527-9721-D16E-AA2CE7966BAF}.Debug|Any CPU.Build.0 = Debug|Any CPU
		{A21CD480-B527-9721-D16E-AA2CE7966BAF}.Release|Any CPU.ActiveCfg = Release|Any CPU
		{A21CD480-B527-9721-D16E-AA2CE7966BAF}.Release|Any CPU.Build.0 = Release|Any CPU
		{E21A917B-88B5-70C9-AA55-5D9AFDCE9579}.Debug|Any CPU.ActiveCfg = Debug|Any CPU
		{E21A917B-88B5-70C9-AA55-5D9AFDCE9579}.Debug|Any CPU.Build.0 = Debug|Any CPU
		{E21A917B-88B5-70C9-AA55-5D9AFDCE9579}.Release|Any CPU.ActiveCfg = Release|Any CPU
		{E21A917B-88B5-70C9-AA55-5D9AFDCE9579}.Release|Any CPU.Build.0 = Release|Any CPU
	EndGlobalSection
	GlobalSection(SolutionProperties) = preSolution
		HideSolutionNode = FALSE
	EndGlobalSection
																																																														GlobalSection(MonoDevelopProperties) = preSolution
		StartupItem = Assembly-CSharp.csproj
		Policies = $0
		$0.TextStylePolicy = $1
		$1.inheritsSet = null
		$1.scope = text/x-csharp
		$0.CSharpFormattingPolicy = $2
		$2.inheritsSet = Mono
		$2.inheritsScope = text/x-csharp
		$2.scope = text/x-csharp
		$0.TextStylePolicy = $3
		$3.FileWidth = 120
		$3.TabWidth = 4
		$3.EolMarker = Unix
		$3.inheritsSet = Mono
		$3.inheritsScope = text/plain
		$3.scope = text/plain
	EndGlobalSection

EndGlobal
